
Microsoft Visual Studio Solution File, Format Version 12.00
# Visual Studio Version 16
VisualStudioVersion = 16.0.32002.261
MinimumVisualStudioVersion = 10.0.40219.1
Project("{FAE04EC0-301F-11D3-BF4B-00C04F79EFBC}") = "Badminton_WPF", "Badminton_WPF\Badminton_WPF.csproj", "{7F46991D-8A44-437E-8B0B-B9452DCC6BE4}"
EndProject
Project("{FAE04EC0-301F-11D3-BF4B-00C04F79EFBC}") = "Badminton_DAL", "Badminton_DAL\Badminton_DAL.csproj", "{19B87532-96DA-466E-BBAF-0AC583EE133E}"
EndProject
Project("{FAE04EC0-301F-11D3-BF4B-00C04F79EFBC}") = "SpelerUnitTest", "SpelerUnitTest\SpelerUnitTest.csproj", "{6E18F1BE-A458-44BB-A3B3-D12EC1675000}"
EndProject
Global
	GlobalSection(SolutionConfigurationPlatforms) = preSolution
		Debug|Any CPU = Debug|Any CPU
		Release|Any CPU = Release|Any CPU
	EndGlobalSection
	GlobalSection(ProjectConfigurationPlatforms) = postSolution
		{7F46991D-8A44-437E-8B0B-B9452DCC6BE4}.Debug|Any CPU.ActiveCfg = Debug|Any CPU
		{7F46991D-8A44-437E-8B0B-B9452DCC6BE4}.Debug|Any CPU.Build.0 = Debug|Any CPU
		{7F46991D-8A44-437E-8B0B-B9452DCC6BE4}.Release|Any CPU.ActiveCfg = Release|Any CPU
		{7F46991D-8A44-437E-8B0B-B9452DCC6BE4}.Release|Any CPU.Build.0 = Release|Any CPU
		{19B87532-96DA-466E-BBAF-0AC583EE133E}.Debug|Any CPU.ActiveCfg = Debug|Any CPU
		{19B87532-96DA-466E-BBAF-0AC583EE133E}.Debug|Any CPU.Build.0 = Debug|Any CPU
		{19B87532-96DA-466E-BBAF-0AC583EE133E}.Release|Any CPU.ActiveCfg = Release|Any CPU
		{19B87532-96DA-466E-BBAF-0AC583EE133E}.Release|Any CPU.Build.0 = Release|Any CPU
		{6E18F1BE-A458-44BB-A3B3-D12EC1675000}.Debug|Any CPU.ActiveCfg = Debug|Any CPU
		{6E18F1BE-A458-44BB-A3B3-D12EC1675000}.Debug|Any CPU.Build.0 = Debug|Any CPU
		{6E18F1BE-A458-44BB-A3B3-D12EC1675000}.Release|Any CPU.ActiveCfg = Release|Any CPU
		{6E18F1BE-A458-44BB-A3B3-D12EC1675000}.Release|Any CPU.Build.0 = Release|Any CPU
	EndGlobalSection
	GlobalSection(SolutionProperties) = preSolution
		HideSolutionNode = FALSE
	EndGlobalSection
	GlobalSection(ExtensibilityGlobals) = postSolution
		SolutionGuid = {94875235-75CF-4B31-BAE7-17159458472F}
	EndGlobalSection
EndGlobal
